# THIS IS AN AUTOGENERATED FILE. DO NOT EDIT THIS FILE DIRECTLY.
# yarn lockfile v1


bit-twiddle@^1.0.2:
  version "1.0.2"
  resolved "https://registry.yarnpkg.com/bit-twiddle/-/bit-twiddle-1.0.2.tgz#0c6c1fabe2b23d17173d9a61b7b7093eb9e1769e"

bs-platform@^2.1.0:
  version "2.1.0"
  resolved "https://registry.yarnpkg.com/bs-platform/-/bs-platform-2.1.0.tgz#63560ff8f7142c9c0631559df1c35590b9f6d8b2"

earcut@^2.0.7:
  version "2.1.2"
  resolved "https://registry.yarnpkg.com/earcut/-/earcut-2.1.2.tgz#542add0ca3a7b713452720e1d053937d3daf3784"

eventemitter3@^2.0.0:
  version "2.0.3"
  resolved "https://registry.yarnpkg.com/eventemitter3/-/eventemitter3-2.0.3.tgz#b5e1079b59fb5e1ba2771c0a993be060a58c99ba"

ismobilejs@^0.4.0:
  version "0.4.1"
  resolved "https://registry.yarnpkg.com/ismobilejs/-/ismobilejs-0.4.1.tgz#1a5f126c70fed39c93da380fa62cbae5723e7dc2"

mini-signals@^1.1.1:
  version "1.2.0"
  resolved "https://registry.yarnpkg.com/mini-signals/-/mini-signals-1.2.0.tgz#45b08013c5fae51a24aa1a935cd317c9ed721d74"

object-assign@^4.0.1:
  version "4.1.1"
  resolved "https://registry.yarnpkg.com/object-assign/-/object-assign-4.1.1.tgz#2109adc7965887cfc05cbbd442cac8bfbb360863"

parse-uri@^1.0.0:
  version "1.0.0"
  resolved "https://registry.yarnpkg.com/parse-uri/-/parse-uri-1.0.0.tgz#2872dcc22f1a797acde1583d8a0ac29552ddac20"

pixi-gl-core@^1.0.3:
  version "1.1.4"
  resolved "https://registry.yarnpkg.com/pixi-gl-core/-/pixi-gl-core-1.1.4.tgz#8b4b5c433b31e419bc379dc565ce1b835a91b372"

pixi.js@^4.6.1:
  version "4.6.1"
  resolved "https://registry.yarnpkg.com/pixi.js/-/pixi.js-4.6.1.tgz#8a231f70e529c73bb4c75fbf684b425d7f153a8e"
  dependencies:
    bit-twiddle "^1.0.2"
    earcut "^2.0.7"
    eventemitter3 "^2.0.0"
    ismobilejs "^0.4.0"
    object-assign "^4.0.1"
    pixi-gl-core "^1.0.3"
    remove-array-items "^1.0.0"
    resource-loader "^2.0.9"

remove-array-items@^1.0.0:
  version "1.0.0"
  resolved "https://registry.yarnpkg.com/remove-array-items/-/remove-array-items-1.0.0.tgz#07bf42cb332f4cf6e85ead83b5e4e896d2326b21"

resource-loader@^2.0.9:
  version "2.0.9"
  resolved "https://registry.yarnpkg.com/resource-loader/-/resource-loader-2.0.9.tgz#65d3b50a982e48260bacf835284e1a72d978806d"
  dependencies:
    mini-signals "^1.1.1"
    parse-uri "^1.0.0"
